
Microsoft Visual Studio Solution File, Format Version 12.00
# Visual Studio Version 17
VisualStudioVersion = 17.3.32922.545
MinimumVisualStudioVersion = 10.0.40219.1
Project("{8BC9CEB8-8B4A-11D0-8D11-00A0C91BC942}") = "Web Login Plug", "Project1.vcxproj", "{ED81AC24-AA85-4126-B7D5-AC59F5AAC1C7}"
EndProject
Project("{54435603-DBB4-11D2-8724-00A0C9A8B90C}") = "Web Login Plug setup x64", "..\Web Login Plug\Web Login Plug.vdproj", "{413CD63B-9B65-44E7-B927-9D85F3525763}"
EndProject
Project("{54435603-DBB4-11D2-8724-00A0C9A8B90C}") = "Web Login Plug setup x86", "..\Web Login Plug setup x86\Web Login Plug setup x86.vdproj", "{18409158-1086-43CC-B358-71FBA16DC9D8}"
EndProject
Global
	GlobalSection(SolutionConfigurationPlatforms) = preSolution
		Debug|x64 = Debug|x64
		Debug|x86 = Debug|x86
		Release|x64 = Release|x64
		Release|x86 = Release|x86
	EndGlobalSection
	GlobalSection(ProjectConfigurationPlatforms) = postSolution
		{ED81AC24-AA85-4126-B7D5-AC59F5AAC1C7}.Debug|x64.ActiveCfg = Debug|x64
		{ED81AC24-AA85-4126-B7D5-AC59F5AAC1C7}.Debug|x64.Build.0 = Debug|x64
		{ED81AC24-AA85-4126-B7D5-AC59F5AAC1C7}.Debug|x86.ActiveCfg = Debug|Win32
		{ED81AC24-AA85-4126-B7D5-AC59F5AAC1C7}.Debug|x86.Build.0 = Debug|Win32
		{ED81AC24-AA85-4126-B7D5-AC59F5AAC1C7}.Release|x64.ActiveCfg = Release|x64
		{ED81AC24-AA85-4126-B7D5-AC59F5AAC1C7}.Release|x64.Build.0 = Release|x64
		{ED81AC24-AA85-4126-B7D5-AC59F5AAC1C7}.Release|x86.ActiveCfg = Release|Win32
		{ED81AC24-AA85-4126-B7D5-AC59F5AAC1C7}.Release|x86.Build.0 = Release|Win32
		{413CD63B-9B65-44E7-B927-9D85F3525763}.Debug|x64.ActiveCfg = Debug
		{413CD63B-9B65-44E7-B927-9D85F3525763}.Debug|x86.ActiveCfg = Debug
		{413CD63B-9B65-44E7-B927-9D85F3525763}.Release|x64.ActiveCfg = Release
		{413CD63B-9B65-44E7-B927-9D85F3525763}.Release|x86.ActiveCfg = Release
		{18409158-1086-43CC-B358-71FBA16DC9D8}.Debug|x64.ActiveCfg = Debug
		{18409158-1086-43CC-B358-71FBA16DC9D8}.Debug|x86.ActiveCfg = Debug
		{18409158-1086-43CC-B358-71FBA16DC9D8}.Release|x64.ActiveCfg = Release
		{18409158-1086-43CC-B358-71FBA16DC9D8}.Release|x86.ActiveCfg = Release
	EndGlobalSection
	GlobalSection(SolutionProperties) = preSolution
		HideSolutionNode = FALSE
	EndGlobalSection
	GlobalSection(ExtensibilityGlobals) = postSolution
		SolutionGuid = {F0770BA5-060D-4DC4-B9BC-854892DB9E2D}
	EndGlobalSection
EndGlobal
